
Microsoft Visual Studio Solution File, Format Version 12.00
# Visual Studio Version 16
VisualStudioVersion = 16.0.31829.152
MinimumVisualStudioVersion = 10.0.40219.1
Project("{FAE04EC0-301F-11D3-BF4B-00C04F79EFBC}") = "Lab10WpfApp", "Lab10WpfApp\Lab10WpfApp.csproj", "{DA720112-F6C3-4C9C-AE39-209857BB37BC}"
EndProject
Global
	GlobalSection(SolutionConfigurationPlatforms) = preSolution
		Debug|Any CPU = Debug|Any CPU
		Release|Any CPU = Release|Any CPU
	EndGlobalSection
	GlobalSection(ProjectConfigurationPlatforms) = postSolution
		{DA720112-F6C3-4C9C-AE39-209857BB37BC}.Debug|Any CPU.ActiveCfg = Debug|Any CPU
		{DA720112-F6C3-4C9C-AE39-209857BB37BC}.Debug|Any CPU.Build.0 = Debug|Any CPU
		{DA720112-F6C3-4C9C-AE39-209857BB37BC}.Release|Any CPU.ActiveCfg = Release|Any CPU
		{DA720112-F6C3-4C9C-AE39-209857BB37BC}.Release|Any CPU.Build.0 = Release|Any CPU
	EndGlobalSection
	GlobalSection(SolutionProperties) = preSolution
		HideSolutionNode = FALSE
	EndGlobalSection
	GlobalSection(ExtensibilityGlobals) = postSolution
		SolutionGuid = {3A21366E-96FB-4018-8A4E-9A9E37BC2741}
	EndGlobalSection
EndGlobal
